lockfileVersion: '9.0'

settings:
  autoInstallPeers: true
  excludeLinksFromLockfile: false

overrides:
  vitest: ^4.0.0-beta.11
  '@vitest/browser': ^4.0.0-beta.11

importers:

  .: {}

  packages/pki-lite:
    dependencies:
      asn1js:
        specifier: 3.0.6
        version: 3.0.6
    devDependencies:
      '@types/node':
        specifier: ^24.3.3
        version: 24.5.2
      '@vitest/browser':
        specifier: ^4.0.0-beta.11
        version: 4.0.0-beta.11(playwright@1.55.0)(vite@7.1.6(@types/node@24.5.2)(yaml@2.8.1))(vitest@4.0.0-beta.11)
      playwright:
        specifier: ^1.55.0
        version: 1.55.0
      typescript:
        specifier: 5.8.2
        version: 5.8.2
      vitest:
        specifier: ^4.0.0-beta.11
        version: 4.0.0-beta.11(@types/node@24.5.2)(@vitest/browser@4.0.0-beta.11)(yaml@2.8.1)

  packages/pki-lite-crypto-extended:
    dependencies:
      '@noble/ciphers':
        specifier: 1.3.0
        version: 1.3.0
      '@noble/hashes':
        specifier: 1.8.0
        version: 1.8.0
      node-forge:
        specifier: ^1.3.1
        version: 1.3.1
      pki-lite:
        specifier: ^1.0.0
        version: link:../pki-lite
    devDependencies:
      '@types/node':
        specifier: ^24.5.1
        version: 24.5.2
      '@types/node-forge':
        specifier: ^1.3.14
        version: 1.3.14
      '@vitest/browser':
        specifier: ^4.0.0-beta.11
        version: 4.0.0-beta.11(playwright@1.55.0)(vite@7.1.6(@types/node@24.5.2)(yaml@2.8.1))(vitest@4.0.0-beta.11)
      playwright:
        specifier: ^1.55.0
        version: 1.55.0
      typescript:
        specifier: 5.8.2
        version: 5.8.2
      vitest:
        specifier: ^4.0.0-beta.11
        version: 4.0.0-beta.11(@types/node@24.5.2)(@vitest/browser@4.0.0-beta.11)(yaml@2.8.1)

packages:

  '@babel/code-frame@7.27.1':
    resolution: {integrity: sha512-cjQ7ZlQ0Mv3b47hABuTevyTuYN4i+loJKGeV9flcCgIK37cCXRh+L1bd3iBHlynerhQ7BhCkn2BPbQUL+rGqFg==}
    engines: {node: '>=6.9.0'}

  '@babel/helper-validator-identifier@7.27.1':
    resolution: {integrity: sha512-D2hP9eA+Sqx1kBZgzxZh0y1trbuU+JoDkiEwqhQ36nodYqJwyEIhPSdMNd7lOm/4io72luTPWH20Yda0xOuUow==}
    engines: {node: '>=6.9.0'}

  '@babel/runtime@7.28.4':
    resolution: {integrity: sha512-Q/N6JNWvIvPnLDvjlE1OUBLPQHH6l3CltCEsHIujp45zQUSSh8K+gHnaEX45yAT1nyngnINhvWtzN+Nb9D8RAQ==}
    engines: {node: '>=6.9.0'}

  '@esbuild/aix-ppc64@0.25.10':
    resolution: {integrity: sha512-0NFWnA+7l41irNuaSVlLfgNT12caWJVLzp5eAVhZ0z1qpxbockccEt3s+149rE64VUI3Ml2zt8Nv5JVc4QXTsw==}
    engines: {node: '>=18'}
    cpu: [ppc64]
    os: [aix]

  '@esbuild/android-arm64@0.25.10':
    resolution: {integrity: sha512-LSQa7eDahypv/VO6WKohZGPSJDq5OVOo3UoFR1E4t4Gj1W7zEQMUhI+lo81H+DtB+kP+tDgBp+M4oNCwp6kffg==}
    engines: {node: '>=18'}
    cpu: [arm64]
    os: [android]

  '@esbuild/android-arm@0.25.10':
    resolution: {integrity: sha512-dQAxF1dW1C3zpeCDc5KqIYuZ1tgAdRXNoZP7vkBIRtKZPYe2xVr/d3SkirklCHudW1B45tGiUlz2pUWDfbDD4w==}
    engines: {node: '>=18'}
    cpu: [arm]
    os: [android]

  '@esbuild/android-x64@0.25.10':
    resolution: {integrity: sha512-MiC9CWdPrfhibcXwr39p9ha1x0lZJ9KaVfvzA0Wxwz9ETX4v5CHfF09bx935nHlhi+MxhA63dKRRQLiVgSUtEg==}
    engines: {node: '>=18'}
    cpu: [x64]
    os: [android]

  '@esbuild/darwin-arm64@0.25.10':
    resolution: {integrity: sha512-JC74bdXcQEpW9KkV326WpZZjLguSZ3DfS8wrrvPMHgQOIEIG/sPXEN/V8IssoJhbefLRcRqw6RQH2NnpdprtMA==}
    engines: {node: '>=18'}
    cpu: [arm64]
    os: [darwin]

  '@esbuild/darwin-x64@0.25.10':
    resolution: {integrity: sha512-tguWg1olF6DGqzws97pKZ8G2L7Ig1vjDmGTwcTuYHbuU6TTjJe5FXbgs5C1BBzHbJ2bo1m3WkQDbWO2PvamRcg==}
    engines: {node: '>=18'}
    cpu: [x64]
    os: [darwin]

  '@esbuild/freebsd-arm64@0.25.10':
    resolution: {integrity: sha512-3ZioSQSg1HT2N05YxeJWYR+Libe3bREVSdWhEEgExWaDtyFbbXWb49QgPvFH8u03vUPX10JhJPcz7s9t9+boWg==}
    engines: {node: '>=18'}
    cpu: [arm64]
    os: [freebsd]

  '@esbuild/freebsd-x64@0.25.10':
    resolution: {integrity: sha512-LLgJfHJk014Aa4anGDbh8bmI5Lk+QidDmGzuC2D+vP7mv/GeSN+H39zOf7pN5N8p059FcOfs2bVlrRr4SK9WxA==}
    engines: {node: '>=18'}
    cpu: [x64]
    os: [freebsd]

  '@esbuild/linux-arm64@0.25.10':
    resolution: {integrity: sha512-5luJWN6YKBsawd5f9i4+c+geYiVEw20FVW5x0v1kEMWNq8UctFjDiMATBxLvmmHA4bf7F6hTRaJgtghFr9iziQ==}
    engines: {node: '>=18'}
    cpu: [arm64]
    os: [linux]

  '@esbuild/linux-arm@0.25.10':
    resolution: {integrity: sha512-oR31GtBTFYCqEBALI9r6WxoU/ZofZl962pouZRTEYECvNF/dtXKku8YXcJkhgK/beU+zedXfIzHijSRapJY3vg==}
    engines: {node: '>=18'}
    cpu: [arm]
    os: [linux]

  '@esbuild/linux-ia32@0.25.10':
    resolution: {integrity: sha512-NrSCx2Kim3EnnWgS4Txn0QGt0Xipoumb6z6sUtl5bOEZIVKhzfyp/Lyw4C1DIYvzeW/5mWYPBFJU3a/8Yr75DQ==}
    engines: {node: '>=18'}
    cpu: [ia32]
    os: [linux]

  '@esbuild/linux-loong64@0.25.10':
    resolution: {integrity: sha512-xoSphrd4AZda8+rUDDfD9J6FUMjrkTz8itpTITM4/xgerAZZcFW7Dv+sun7333IfKxGG8gAq+3NbfEMJfiY+Eg==}
    engines: {node: '>=18'}
    cpu: [loong64]
    os: [linux]

  '@esbuild/linux-mips64el@0.25.10':
    resolution: {integrity: sha512-ab6eiuCwoMmYDyTnyptoKkVS3k8fy/1Uvq7Dj5czXI6DF2GqD2ToInBI0SHOp5/X1BdZ26RKc5+qjQNGRBelRA==}
    engines: {node: '>=18'}
    cpu: [mips64el]
    os: [linux]

  '@esbuild/linux-ppc64@0.25.10':
    resolution: {integrity: sha512-NLinzzOgZQsGpsTkEbdJTCanwA5/wozN9dSgEl12haXJBzMTpssebuXR42bthOF3z7zXFWH1AmvWunUCkBE4EA==}
    engines: {node: '>=18'}
    cpu: [ppc64]
    os: [linux]

  '@esbuild/linux-riscv64@0.25.10':
    resolution: {integrity: sha512-FE557XdZDrtX8NMIeA8LBJX3dC2M8VGXwfrQWU7LB5SLOajfJIxmSdyL/gU1m64Zs9CBKvm4UAuBp5aJ8OgnrA==}
    engines: {node: '>=18'}
    cpu: [riscv64]
    os: [linux]

  '@esbuild/linux-s390x@0.25.10':
    resolution: {integrity: sha512-3BBSbgzuB9ajLoVZk0mGu+EHlBwkusRmeNYdqmznmMc9zGASFjSsxgkNsqmXugpPk00gJ0JNKh/97nxmjctdew==}
    engines: {node: '>=18'}
    cpu: [s390x]
    os: [linux]

  '@esbuild/linux-x64@0.25.10':
    resolution: {integrity: sha512-QSX81KhFoZGwenVyPoberggdW1nrQZSvfVDAIUXr3WqLRZGZqWk/P4T8p2SP+de2Sr5HPcvjhcJzEiulKgnxtA==}
    engines: {node: '>=18'}
    cpu: [x64]
    os: [linux]

  '@esbuild/netbsd-arm64@0.25.10':
    resolution: {integrity: sha512-AKQM3gfYfSW8XRk8DdMCzaLUFB15dTrZfnX8WXQoOUpUBQ+NaAFCP1kPS/ykbbGYz7rxn0WS48/81l9hFl3u4A==}
    engines: {node: '>=18'}
    cpu: [arm64]
    os: [netbsd]

  '@esbuild/netbsd-x64@0.25.10':
    resolution: {integrity: sha512-7RTytDPGU6fek/hWuN9qQpeGPBZFfB4zZgcz2VK2Z5VpdUxEI8JKYsg3JfO0n/Z1E/6l05n0unDCNc4HnhQGig==}
    engines: {node: '>=18'}
    cpu: [x64]
    os: [netbsd]

  '@esbuild/openbsd-arm64@0.25.10':
    resolution: {integrity: sha512-5Se0VM9Wtq797YFn+dLimf2Zx6McttsH2olUBsDml+lm0GOCRVebRWUvDtkY4BWYv/3NgzS8b/UM3jQNh5hYyw==}
    engines: {node: '>=18'}
    cpu: [arm64]
    os: [openbsd]

  '@esbuild/openbsd-x64@0.25.10':
    resolution: {integrity: sha512-XkA4frq1TLj4bEMB+2HnI0+4RnjbuGZfet2gs/LNs5Hc7D89ZQBHQ0gL2ND6Lzu1+QVkjp3x1gIcPKzRNP8bXw==}
    engines: {node: '>=18'}
    cpu: [x64]
    os: [openbsd]

  '@esbuild/openharmony-arm64@0.25.10':
    resolution: {integrity: sha512-AVTSBhTX8Y/Fz6OmIVBip9tJzZEUcY8WLh7I59+upa5/GPhh2/aM6bvOMQySspnCCHvFi79kMtdJS1w0DXAeag==}
    engines: {node: '>=18'}
    cpu: [arm64]
    os: [openharmony]

  '@esbuild/sunos-x64@0.25.10':
    resolution: {integrity: sha512-fswk3XT0Uf2pGJmOpDB7yknqhVkJQkAQOcW/ccVOtfx05LkbWOaRAtn5SaqXypeKQra1QaEa841PgrSL9ubSPQ==}
    engines: {node: '>=18'}
    cpu: [x64]
    os: [sunos]

  '@esbuild/win32-arm64@0.25.10':
    resolution: {integrity: sha512-ah+9b59KDTSfpaCg6VdJoOQvKjI33nTaQr4UluQwW7aEwZQsbMCfTmfEO4VyewOxx4RaDT/xCy9ra2GPWmO7Kw==}
    engines: {node: '>=18'}
    cpu: [arm64]
    os: [win32]

  '@esbuild/win32-ia32@0.25.10':
    resolution: {integrity: sha512-QHPDbKkrGO8/cz9LKVnJU22HOi4pxZnZhhA2HYHez5Pz4JeffhDjf85E57Oyco163GnzNCVkZK0b/n4Y0UHcSw==}
    engines: {node: '>=18'}
    cpu: [ia32]
    os: [win32]

  '@esbuild/win32-x64@0.25.10':
    resolution: {integrity: sha512-9KpxSVFCu0iK1owoez6aC/s/EdUQLDN3adTxGCqxMVhrPDj6bt5dbrHDXUuq+Bs2vATFBBrQS5vdQ/Ed2P+nbw==}
    engines: {node: '>=18'}
    cpu: [x64]
    os: [win32]

  '@jridgewell/sourcemap-codec@1.5.5':
    resolution: {integrity: sha512-cYQ9310grqxueWbl+WuIUIaiUaDcj7WOq5fVhEljNVgRfOUhY9fy2zTvfoqWsnebh8Sl70VScFbICvJnLKB0Og==}

  '@noble/ciphers@1.3.0':
    resolution: {integrity: sha512-2I0gnIVPtfnMw9ee9h1dJG7tp81+8Ob3OJb3Mv37rx5L40/b0i7djjCVvGOVqc9AEIQyvyu1i6ypKdFw8R8gQw==}
    engines: {node: ^14.21.3 || >=16}

  '@noble/hashes@1.8.0':
    resolution: {integrity: sha512-jCs9ldd7NwzpgXDIf6P3+NrHh9/sD6CQdxHyjQI+h/6rDNo88ypBxxz45UDuZHz9r3tNz7N/VInSVoVdtXEI4A==}
    engines: {node: ^14.21.3 || >=16}

  '@polka/url@1.0.0-next.29':
    resolution: {integrity: sha512-wwQAWhWSuHaag8c4q/KN/vCoeOJYshAIvMQwD4GpSb3OiZklFfvAgmj0VCBBImRpuF/aFgIRzllXlVX93Jevww==}

  '@rollup/rollup-android-arm-eabi@4.52.0':
    resolution: {integrity: sha512-VxDYCDqOaR7NXzAtvRx7G1u54d2kEHopb28YH/pKzY6y0qmogP3gG7CSiWsq9WvDFxOQMpNEyjVAHZFXfH3o/A==}
    cpu: [arm]
    os: [android]

  '@rollup/rollup-android-arm64@4.52.0':
    resolution: {integrity: sha512-pqDirm8koABIKvzL59YI9W9DWbRlTX7RWhN+auR8HXJxo89m4mjqbah7nJZjeKNTNYopqL+yGg+0mhCpf3xZtQ==}
    cpu: [arm64]
    os: [android]

  '@rollup/rollup-darwin-arm64@4.52.0':
    resolution: {integrity: sha512-YCdWlY/8ltN6H78HnMsRHYlPiKvqKagBP1r+D7SSylxX+HnsgXGCmLiV3Y4nSyY9hW8qr8U9LDUx/Lo7M6MfmQ==}
    cpu: [arm64]
    os: [darwin]

  '@rollup/rollup-darwin-x64@4.52.0':
    resolution: {integrity: sha512-z4nw6y1j+OOSGzuVbSWdIp1IUks9qNw4dc7z7lWuWDKojY38VMWBlEN7F9jk5UXOkUcp97vA1N213DF+Lz8BRg==}
    cpu: [x64]
    os: [darwin]

  '@rollup/rollup-freebsd-arm64@4.52.0':
    resolution: {integrity: sha512-Q/dv9Yvyr5rKlK8WQJZVrp5g2SOYeZUs9u/t2f9cQ2E0gJjYB/BWoedXfUT0EcDJefi2zzVfhcOj8drWCzTviw==}
    cpu: [arm64]
    os: [freebsd]

  '@rollup/rollup-freebsd-x64@4.52.0':
    resolution: {integrity: sha512-kdBsLs4Uile/fbjZVvCRcKB4q64R+1mUq0Yd7oU1CMm1Av336ajIFqNFovByipciuUQjBCPMxwJhCgfG2re3rg==}
    cpu: [x64]
    os: [freebsd]

  '@rollup/rollup-linux-arm-gnueabihf@4.52.0':
    resolution: {integrity: sha512-aL6hRwu0k7MTUESgkg7QHY6CoqPgr6gdQXRJI1/VbFlUMwsSzPGSR7sG5d+MCbYnJmJwThc2ol3nixj1fvI/zQ==}
    cpu: [arm]
    os: [linux]

  '@rollup/rollup-linux-arm-musleabihf@4.52.0':
    resolution: {integrity: sha512-BTs0M5s1EJejgIBJhCeiFo7GZZ2IXWkFGcyZhxX4+8usnIo5Mti57108vjXFIQmmJaRyDwmV59Tw64Ap1dkwMw==}
    cpu: [arm]
    os: [linux]

  '@rollup/rollup-linux-arm64-gnu@4.52.0':
    resolution: {integrity: sha512-uj672IVOU9m08DBGvoPKPi/J8jlVgjh12C9GmjjBxCTQc3XtVmRkRKyeHSmIKQpvJ7fIm1EJieBUcnGSzDVFyw==}
    cpu: [arm64]
    os: [linux]

  '@rollup/rollup-linux-arm64-musl@4.52.0':
    resolution: {integrity: sha512-/+IVbeDMDCtB/HP/wiWsSzduD10SEGzIZX2945KSgZRNi4TSkjHqRJtNTVtVb8IRwhJ65ssI56krlLik+zFWkw==}
    cpu: [arm64]
    os: [linux]

  '@rollup/rollup-linux-loong64-gnu@4.52.0':
    resolution: {integrity: sha512-U1vVzvSWtSMWKKrGoROPBXMh3Vwn93TA9V35PldokHGqiUbF6erSzox/5qrSMKp6SzakvyjcPiVF8yB1xKr9Pg==}
    cpu: [loong64]
    os: [linux]

  '@rollup/rollup-linux-ppc64-gnu@4.52.0':
    resolution: {integrity: sha512-X/4WfuBAdQRH8cK3DYl8zC00XEE6aM472W+QCycpQJeLWVnHfkv7RyBFVaTqNUMsTgIX8ihMjCvFF9OUgeABzw==}
    cpu: [ppc64]
    os: [linux]

  '@rollup/rollup-linux-riscv64-gnu@4.52.0':
    resolution: {integrity: sha512-xIRYc58HfWDBZoLmWfWXg2Sq8VCa2iJ32B7mqfWnkx5mekekl0tMe7FHpY8I72RXEcUkaWawRvl3qA55og+cwQ==}
    cpu: [riscv64]
    os: [linux]

  '@rollup/rollup-linux-riscv64-musl@4.52.0':
    resolution: {integrity: sha512-mbsoUey05WJIOz8U1WzNdf+6UMYGwE3fZZnQqsM22FZ3wh1N887HT6jAOjXs6CNEK3Ntu2OBsyQDXfIjouI4dw==}
    cpu: [riscv64]
    os: [linux]

  '@rollup/rollup-linux-s390x-gnu@4.52.0':
    resolution: {integrity: sha512-qP6aP970bucEi5KKKR4AuPFd8aTx9EF6BvutvYxmZuWLJHmnq4LvBfp0U+yFDMGwJ+AIJEH5sIP+SNypauMWzg==}
    cpu: [s390x]
    os: [linux]

  '@rollup/rollup-linux-x64-gnu@4.52.0':
    resolution: {integrity: sha512-nmSVN+F2i1yKZ7rJNKO3G7ZzmxJgoQBQZ/6c4MuS553Grmr7WqR7LLDcYG53Z2m9409z3JLt4sCOhLdbKQ3HmA==}
    cpu: [x64]
    os: [linux]

  '@rollup/rollup-linux-x64-musl@4.52.0':
    resolution: {integrity: sha512-2d0qRo33G6TfQVjaMR71P+yJVGODrt5V6+T0BDYH4EMfGgdC/2HWDVjSSFw888GSzAZUwuska3+zxNUCDco6rQ==}
    cpu: [x64]
    os: [linux]

  '@rollup/rollup-openharmony-arm64@4.52.0':
    resolution: {integrity: sha512-A1JalX4MOaFAAyGgpO7XP5khquv/7xKzLIyLmhNrbiCxWpMlnsTYr8dnsWM7sEeotNmxvSOEL7F65j0HXFcFsw==}
    cpu: [arm64]
    os: [openharmony]

  '@rollup/rollup-win32-arm64-msvc@4.52.0':
    resolution: {integrity: sha512-YQugafP/rH0eOOHGjmNgDURrpYHrIX0yuojOI8bwCyXwxC9ZdTd3vYkmddPX0oHONLXu9Rb1dDmT0VNpjkzGGw==}
    cpu: [arm64]
    os: [win32]

  '@rollup/rollup-win32-ia32-msvc@4.52.0':
    resolution: {integrity: sha512-zYdUYhi3Qe2fndujBqL5FjAFzvNeLxtIqfzNEVKD1I7C37/chv1VxhscWSQHTNfjPCrBFQMnynwA3kpZpZ8w4A==}
    cpu: [ia32]
    os: [win32]

  '@rollup/rollup-win32-x64-gnu@4.52.0':
    resolution: {integrity: sha512-fGk03kQylNaCOQ96HDMeT7E2n91EqvCDd3RwvT5k+xNdFCeMGnj5b5hEgTGrQuyidqSsD3zJDQ21QIaxXqTBJw==}
    cpu: [x64]
    os: [win32]

  '@rollup/rollup-win32-x64-msvc@4.52.0':
    resolution: {integrity: sha512-6iKDCVSIUQ8jPMoIV0OytRKniaYyy5EbY/RRydmLW8ZR3cEBhxbWl5ro0rkUNe0ef6sScvhbY79HrjRm8i3vDQ==}
    cpu: [x64]
    os: [win32]

  '@testing-library/dom@10.4.1':
    resolution: {integrity: sha512-o4PXJQidqJl82ckFaXUeoAW+XysPLauYI43Abki5hABd853iMhitooc6znOnczgbTYmEP6U6/y1ZyKAIsvMKGg==}
    engines: {node: '>=18'}

  '@testing-library/user-event@14.6.1':
    resolution: {integrity: sha512-vq7fv0rnt+QTXgPxr5Hjc210p6YKq2kmdziLgnsZGgLJ9e6VAShx1pACLuRjd/AS/sr7phAR58OIIpf0LlmQNw==}
    engines: {node: '>=12', npm: '>=6'}
    peerDependencies:
      '@testing-library/dom': '>=7.21.4'

  '@types/aria-query@5.0.4':
    resolution: {integrity: sha512-rfT93uj5s0PRL7EzccGMs3brplhcrghnDoV26NqKhCAS1hVo+WdNsPvE/yb6ilfr5hi2MEk6d5EWJTKdxg8jVw==}

  '@types/chai@5.2.2':
    resolution: {integrity: sha512-8kB30R7Hwqf40JPiKhVzodJs2Qc1ZJ5zuT3uzw5Hq/dhNCl3G3l83jfpdI1e20BP348+fV7VIL/+FxaXkqBmWg==}

  '@types/deep-eql@4.0.2':
    resolution: {integrity: sha512-c9h9dVVMigMPc4bwTvC5dxqtqJZwQPePsWjPlpSOnojbor6pGqdk541lfA7AqFQr5pB1BRdq0juY9db81BwyFw==}

  '@types/estree@1.0.8':
    resolution: {integrity: sha512-dWHzHa2WqEXI/O1E9OjrocMTKJl2mSrEolh1Iomrv6U+JuNwaHXsXx9bLu5gG7BUWFIN0skIQJQ/L1rIex4X6w==}

  '@types/node-forge@1.3.14':
    resolution: {integrity: sha512-mhVF2BnD4BO+jtOp7z1CdzaK4mbuK0LLQYAvdOLqHTavxFNq4zA1EmYkpnFjP8HOUzedfQkRnp0E2ulSAYSzAw==}

  '@types/node@24.5.2':
    resolution: {integrity: sha512-FYxk1I7wPv3K2XBaoyH2cTnocQEu8AOZ60hPbsyukMPLv5/5qr7V1i8PLHdl6Zf87I+xZXFvPCXYjiTFq+YSDQ==}

  '@vitest/browser@4.0.0-beta.11':
    resolution: {integrity: sha512-f8uRdSw+sDhIX57GeIMC3qIjRHm1htPGOnTTV2VjiPsykQalCJShPO6LkrcIKsbIYHzzZ6EdBi1cqwYmIAXrHg==}
    peerDependencies:
      playwright: '*'
      safaridriver: '*'
      vitest: ^4.0.0-beta.11
      webdriverio: ^7.0.0 || ^8.0.0 || ^9.0.0
    peerDependenciesMeta:
      playwright:
        optional: true
      safaridriver:
        optional: true
      webdriverio:
        optional: true

  '@vitest/expect@4.0.0-beta.11':
    resolution: {integrity: sha512-N8UfHR+g9IfqSDkHgJcYlB+FSzFQF1Vx5M+nXtZVfEEp1rhKgX/64B2Lp+htOx/vnnp+geAbhILBkPkScrhDYA==}

  '@vitest/mocker@4.0.0-beta.11':
    resolution: {integrity: sha512-ch/Ft66tyCYR7YvEyaVN30wk/3oDJOMIbu/D/q1XDos8w/veNNLtjuM/bbXL6l84l077/9UsbCXyAHd5lE2w+A==}
    peerDependencies:
      msw: ^2.4.9
      vite: ^6.0.0 || ^7.0.0-0
    peerDependenciesMeta:
      msw:
        optional: true
      vite:
        optional: true

  '@vitest/pretty-format@4.0.0-beta.11':
    resolution: {integrity: sha512-pJCDq6equR6w0Y9DhE1lRiKg1Yy05z16m9uIUN0Ol2ZOQJcrqbbICnCk7uXGc7ML5Dwz9EAok9brRHPBMxuyZw==}

  '@vitest/runner@4.0.0-beta.11':
    resolution: {integrity: sha512-0R3lHQw0Qz8oeEwRrmVaCTSOZfY0m+73+NbrnAJLlulLaThHdDCJY9ezcagZ/StedrjkVW7pXtuXM78APtBeIg==}

  '@vitest/snapshot@4.0.0-beta.11':
    resolution: {integrity: sha512-dw8+N1/41Ksjd7PErEpuVzxUrjSUgMb8gdYZbWKIa16/Wgdg+BtQUT+1bDAydouwn6wZLmcUeTHTexReyjXaNQ==}

  '@vitest/spy@4.0.0-beta.11':
    resolution: {integrity: sha512-sWSZUtkP0AmuBw192JFshEC0vnrxaRfvhE/MP4xFQXarmUkQwHeGDYk1CdX2iTFGWMVA1BYgGBwCb3zMqgXdnw==}

  '@vitest/utils@4.0.0-beta.11':
    resolution: {integrity: sha512-s4ugYtAycBMHrQLP1eEt9q2Z6yw1LJmxb+Z+DSJHIMjFr5OdSeZRDuYcYdu+41wx382tdG/u1Jz/hA+ETPdU2g==}

  ansi-regex@5.0.1:
    resolution: {integrity: sha512-quJQXlTSUGL2LH9SUXo8VwsY4soanhgo6LNSm84E1LBcE8s3O0wpdiRzyR9z/ZZJMlMWv37qOOb9pdJlMUEKFQ==}
    engines: {node: '>=8'}

  ansi-styles@5.2.0:
    resolution: {integrity: sha512-Cxwpt2SfTzTtXcfOlzGEee8O+c+MmUgGrNiBcXnuWxuFJHe6a5Hz7qwhwe5OgaSYI0IJvkLqWX1ASG+cJOkEiA==}
    engines: {node: '>=10'}

  aria-query@5.3.0:
    resolution: {integrity: sha512-b0P0sZPKtyu8HkeRAfCq0IfURZK+SuwMjY1UXGBU27wpAiTwQAIlq56IbIO+ytk/JjS1fMR14ee5WBBfKi5J6A==}

  asn1js@3.0.6:
    resolution: {integrity: sha512-UOCGPYbl0tv8+006qks/dTgV9ajs97X2p0FAbyS2iyCRrmLSRolDaHdp+v/CLgnzHc3fVB+CwYiUmei7ndFcgA==}
    engines: {node: '>=12.0.0'}

  chai@6.0.1:
    resolution: {integrity: sha512-/JOoU2//6p5vCXh00FpNgtlw0LjvhGttaWc+y7wpW9yjBm3ys0dI8tSKZxIOgNruz5J0RleccatSIC3uxEZP0g==}
    engines: {node: '>=18'}

  debug@4.4.3:
    resolution: {integrity: sha512-RGwwWnwQvkVfavKVt22FGLw+xYSdzARwm0ru6DhTVA3umU5hZc28V3kO4stgYryrTlLpuvgI9GiijltAjNbcqA==}
    engines: {node: '>=6.0'}
    peerDependencies:
      supports-color: '*'
    peerDependenciesMeta:
      supports-color:
        optional: true

  dequal@2.0.3:
    resolution: {integrity: sha512-0je+qPKHEMohvfRTCEo3CrPG6cAzAYgmzKyxRiYSSDkS6eGJdyVJm7WaYA5ECaAD9wLB2T4EEeymA5aFVcYXCA==}
    engines: {node: '>=6'}

  dom-accessibility-api@0.5.16:
    resolution: {integrity: sha512-X7BJ2yElsnOJ30pZF4uIIDfBEVgF4XEBxL9Bxhy6dnrm5hkzqmsWHGTiHqRiITNhMyFLyAiWndIJP7Z1NTteDg==}

  es-module-lexer@1.7.0:
    resolution: {integrity: sha512-jEQoCwk8hyb2AZziIOLhDqpm5+2ww5uIE6lkO/6jcOCusfk6LhMHpXXfBLXTZ7Ydyt0j4VoUQv6uGNYbdW+kBA==}

  esbuild@0.25.10:
    resolution: {integrity: sha512-9RiGKvCwaqxO2owP61uQ4BgNborAQskMR6QusfWzQqv7AZOg5oGehdY2pRJMTKuwxd1IDBP4rSbI5lHzU7SMsQ==}
    engines: {node: '>=18'}
    hasBin: true

  estree-walker@3.0.3:
    resolution: {integrity: sha512-7RUKfXgSMMkzt6ZuXmqapOurLGPPfgj6l9uRZ7lRGolvk0y2yocc35LdcxKC5PQZdn2DMqioAQ2NoWcrTKmm6g==}

  expect-type@1.2.2:
    resolution: {integrity: sha512-JhFGDVJ7tmDJItKhYgJCGLOWjuK9vPxiXoUFLwLDc99NlmklilbiQJwoctZtt13+xMw91MCk/REan6MWHqDjyA==}
    engines: {node: '>=12.0.0'}

  fdir@6.5.0:
    resolution: {integrity: sha512-tIbYtZbucOs0BRGqPJkshJUYdL+SDH7dVM8gjy+ERp3WAUjLEFJE+02kanyHtwjWOnwrKYBiwAmM0p4kLJAnXg==}
    engines: {node: '>=12.0.0'}
    peerDependencies:
      picomatch: ^3 || ^4
    peerDependenciesMeta:
      picomatch:
        optional: true

  fsevents@2.3.2:
    resolution: {integrity: sha512-xiqMQR4xAeHTuB9uWm+fFRcIOgKBMiOBP+eXiyT7jsgVCq1bkVygt00oASowB7EdtpOHaaPgKt812P9ab+DDKA==}
    engines: {node: ^8.16.0 || ^10.6.0 || >=11.0.0}
    os: [darwin]

  fsevents@2.3.3:
    resolution: {integrity: sha512-5xoDfX+fL7faATnagmWPpbFtwh/R77WmMMqqHGS65C3vvB0YHrgF+B1YmZ3441tMj5n63k0212XNoJwzlhffQw==}
    engines: {node: ^8.16.0 || ^10.6.0 || >=11.0.0}
    os: [darwin]

  js-tokens@4.0.0:
    resolution: {integrity: sha512-RdJUflcE3cUzKiMqQgsCu06FPu9UdIJO0beYbPhHN4k6apgJtifcoCtT9bcxOpYBtpD2kCM6Sbzg4CausW/PKQ==}

  lz-string@1.5.0:
    resolution: {integrity: sha512-h5bgJWpxJNswbU7qCrV0tIKQCaS3blPDrqKWx+QxzuzL1zGUzij9XCWLrSLsJPu5t+eWA/ycetzYAO5IOMcWAQ==}
    hasBin: true

  magic-string@0.30.19:
    resolution: {integrity: sha512-2N21sPY9Ws53PZvsEpVtNuSW+ScYbQdp4b9qUaL+9QkHUrGFKo56Lg9Emg5s9V/qrtNBmiR01sYhUOwu3H+VOw==}

  mrmime@2.0.1:
    resolution: {integrity: sha512-Y3wQdFg2Va6etvQ5I82yUhGdsKrcYox6p7FfL1LbK2J4V01F9TGlepTIhnK24t7koZibmg82KGglhA1XK5IsLQ==}
    engines: {node: '>=10'}

  ms@2.1.3:
    resolution: {integrity: sha512-6FlzubTLZG3J2a/NVCAleEhjzq5oxgHyaCU9yYXvcLsvoVaHJq/s5xXI6/XXP6tz7R9xAOtHnSO/tXtF3WRTlA==}

  nanoid@3.3.11:
    resolution: {integrity: sha512-N8SpfPUnUp1bK+PMYW8qSWdl9U+wwNWI4QKxOYDy9JAro3WMX7p2OeVRF9v+347pnakNevPmiHhNmZ2HbFA76w==}
    engines: {node: ^10 || ^12 || ^13.7 || ^14 || >=15.0.1}
    hasBin: true

  node-forge@1.3.1:
    resolution: {integrity: sha512-dPEtOeMvF9VMcYV/1Wb8CPoVAXtp6MKMlcbAt4ddqmGqUJ6fQZFXkNZNkNlfevtNkGtaSoXf/vNNNSvgrdXwtA==}
    engines: {node: '>= 6.13.0'}

  pathe@2.0.3:
    resolution: {integrity: sha512-WUjGcAqP1gQacoQe+OBJsFA7Ld4DyXuUIjZ5cc75cLHvJ7dtNsTugphxIADwspS+AraAUePCKrSVtPLFj/F88w==}

  picocolors@1.1.1:
    resolution: {integrity: sha512-xceH2snhtb5M9liqDsmEw56le376mTZkEX/jEb/RxNFyegNul7eNslCXP9FDj/Lcu0X8KEyMceP2ntpaHrDEVA==}

  picomatch@4.0.3:
    resolution: {integrity: sha512-5gTmgEY/sqK6gFXLIsQNH19lWb4ebPDLA4SdLP7dsWkIXHWlG66oPuVvXSGFPppYZz8ZDZq0dYYrbHfBCVUb1Q==}
    engines: {node: '>=12'}

  pixelmatch@7.1.0:
    resolution: {integrity: sha512-1wrVzJ2STrpmONHKBy228LM1b84msXDUoAzVEl0R8Mz4Ce6EPr+IVtxm8+yvrqLYMHswREkjYFaMxnyGnaY3Ng==}
    hasBin: true

  playwright-core@1.55.0:
    resolution: {integrity: sha512-GvZs4vU3U5ro2nZpeiwyb0zuFaqb9sUiAJuyrWpcGouD8y9/HLgGbNRjIph7zU9D3hnPaisMl9zG9CgFi/biIg==}
    engines: {node: '>=18'}
    hasBin: true

  playwright@1.55.0:
    resolution: {integrity: sha512-sdCWStblvV1YU909Xqx0DhOjPZE4/5lJsIS84IfN9dAZfcl/CIZ5O8l3o0j7hPMjDvqoTF8ZUcc+i/GL5erstA==}
    engines: {node: '>=18'}
    hasBin: true

  pngjs@7.0.0:
    resolution: {integrity: sha512-LKWqWJRhstyYo9pGvgor/ivk2w94eSjE3RGVuzLGlr3NmD8bf7RcYGze1mNdEHRP6TRP6rMuDHk5t44hnTRyow==}
    engines: {node: '>=14.19.0'}

  postcss@8.5.6:
    resolution: {integrity: sha512-3Ybi1tAuwAP9s0r1UQ2J4n5Y0G05bJkpUIO0/bI9MhwmD70S5aTWbXGBwxHrelT+XM1k6dM0pk+SwNkpTRN7Pg==}
    engines: {node: ^10 || ^12 || >=14}

  pretty-format@27.5.1:
    resolution: {integrity: sha512-Qb1gy5OrP5+zDf2Bvnzdl3jsTf1qXVMazbvCoKhtKqVs4/YK4ozX4gKQJJVyNe+cajNPn0KoC0MC3FUmaHWEmQ==}
    engines: {node: ^10.13.0 || ^12.13.0 || ^14.15.0 || >=15.0.0}

  pvtsutils@1.3.6:
    resolution: {integrity: sha512-PLgQXQ6H2FWCaeRak8vvk1GW462lMxB5s3Jm673N82zI4vqtVUPuZdffdZbPDFRoU8kAhItWFtPCWiPpp4/EDg==}

  pvutils@1.1.3:
    resolution: {integrity: sha512-pMpnA0qRdFp32b1sJl1wOJNxZLQ2cbQx+k6tjNtZ8CpvVhNqEPRgivZ2WOUev2YMajecdH7ctUPDvEe87nariQ==}
    engines: {node: '>=6.0.0'}

  react-is@17.0.2:
    resolution: {integrity: sha512-w2GsyukL62IJnlaff/nRegPQR94C/XXamvMWmSHRJ4y7Ts/4ocGRmTHvOs8PSE6pB3dWOrD/nueuU5sduBsQ4w==}

  rollup@4.52.0:
    resolution: {integrity: sha512-+IuescNkTJQgX7AkIDtITipZdIGcWF0pnVvZTWStiazUmcGA2ag8dfg0urest2XlXUi9kuhfQ+qmdc5Stc3z7g==}
    engines: {node: '>=18.0.0', npm: '>=8.0.0'}
    hasBin: true

  siginfo@2.0.0:
    resolution: {integrity: sha512-ybx0WO1/8bSBLEWXZvEd7gMW3Sn3JFlW3TvX1nREbDLRNQNaeNN8WK0meBwPdAaOI7TtRRRJn/Es1zhrrCHu7g==}

  sirv@3.0.2:
    resolution: {integrity: sha512-2wcC/oGxHis/BoHkkPwldgiPSYcpZK3JU28WoMVv55yHJgcZ8rlXvuG9iZggz+sU1d4bRgIGASwyWqjxu3FM0g==}
    engines: {node: '>=18'}

  source-map-js@1.2.1:
    resolution: {integrity: sha512-UXWMKhLOwVKb728IUtQPXxfYU+usdybtUrK/8uGE8CQMvrhOpwvzDBwj0QhSL7MQc7vIsISBG8VQ8+IDQxpfQA==}
    engines: {node: '>=0.10.0'}

  stackback@0.0.2:
    resolution: {integrity: sha512-1XMJE5fQo1jGH6Y/7ebnwPOBEkIEnT4QF32d5R1+VXdXveM0IBMJt8zfaxX1P3QhVwrYe+576+jkANtSS2mBbw==}

  std-env@3.9.0:
    resolution: {integrity: sha512-UGvjygr6F6tpH7o2qyqR6QYpwraIjKSdtzyBdyytFOHmPZY917kwdwLG0RbOjWOnKmnm3PeHjaoLLMie7kPLQw==}

  tinybench@2.9.0:
    resolution: {integrity: sha512-0+DUvqWMValLmha6lr4kD8iAMK1HzV0/aKnCtWb9v9641TnP/MFb7Pc2bxoxQjTXAErryXVgUOfv2YqNllqGeg==}

  tinyexec@0.3.2:
    resolution: {integrity: sha512-KQQR9yN7R5+OSwaK0XQoj22pwHoTlgYqmUscPYoknOoWCWfj/5/ABTMRi69FrKU5ffPVh5QcFikpWJI/P1ocHA==}

  tinyglobby@0.2.15:
    resolution: {integrity: sha512-j2Zq4NyQYG5XMST4cbs02Ak8iJUdxRM0XI5QyxXuZOzKOINmWurp3smXu3y5wDcJrptwpSjgXHzIQxR0omXljQ==}
    engines: {node: '>=12.0.0'}

  tinypool@2.0.0:
    resolution: {integrity: sha512-/RX9RzeH2xU5ADE7n2Ykvmi9ED3FBGPAjw9u3zucrNNaEBIO0HPSYgL0NT7+3p147ojeSdaVu08F6hjpv31HJg==}
    engines: {node: ^20.0.0 || >=22.0.0}

  tinyrainbow@3.0.3:
    resolution: {integrity: sha512-PSkbLUoxOFRzJYjjxHJt9xro7D+iilgMX/C9lawzVuYiIdcihh9DXmVibBe8lmcFrRi/VzlPjBxbN7rH24q8/Q==}
    engines: {node: '>=14.0.0'}

  totalist@3.0.1:
    resolution: {integrity: sha512-sf4i37nQ2LBx4m3wB74y+ubopq6W/dIzXg0FDGjsYnZHVa1Da8FH853wlL2gtUhg+xJXjfk3kUZS3BRoQeoQBQ==}
    engines: {node: '>=6'}

  tslib@2.8.1:
    resolution: {integrity: sha512-oJFu94HQb+KVduSUQL7wnpmqnfmLsOA/nAh6b6EH0wCEoK0/mPeXU6c3wKDV83MkOuHPRHtSXKKU99IBazS/2w==}

  typescript@5.8.2:
    resolution: {integrity: sha512-aJn6wq13/afZp/jT9QZmwEjDqqvSGp1VT5GVg+f/t6/oVyrgXM6BY1h9BRh/O5p3PlUPAe+WuiEZOmb/49RqoQ==}
    engines: {node: '>=14.17'}
    hasBin: true

  undici-types@7.12.0:
    resolution: {integrity: sha512-goOacqME2GYyOZZfb5Lgtu+1IDmAlAEu5xnD3+xTzS10hT0vzpf0SPjkXwAw9Jm+4n/mQGDP3LO8CPbYROeBfQ==}

  vite@7.1.6:
    resolution: {integrity: sha512-SRYIB8t/isTwNn8vMB3MR6E+EQZM/WG1aKmmIUCfDXfVvKfc20ZpamngWHKzAmmu9ppsgxsg4b2I7c90JZudIQ==}
    engines: {node: ^20.19.0 || >=22.12.0}
    hasBin: true
    peerDependencies:
      '@types/node': ^20.19.0 || >=22.12.0
      jiti: '>=1.21.0'
      less: ^4.0.0
      lightningcss: ^1.21.0
      sass: ^1.70.0
      sass-embedded: ^1.70.0
      stylus: '>=0.54.8'
      sugarss: ^5.0.0
      terser: ^5.16.0
      tsx: ^4.8.1
      yaml: ^2.4.2
    peerDependenciesMeta:
      '@types/node':
        optional: true
      jiti:
        optional: true
      less:
        optional: true
      lightningcss:
        optional: true
      sass:
        optional: true
      sass-embedded:
        optional: true
      stylus:
        optional: true
      sugarss:
        optional: true
      terser:
        optional: true
      tsx:
        optional: true
      yaml:
        optional: true

  vitest@4.0.0-beta.11:
    resolution: {integrity: sha512-9pSbIFbi7Xath3zIrOAzru4V+zd5F9z4cd+Vu8gTLpgfZnFBcK51nz6XBRKKLlKPJNr5DCv6uiDDzkT7lHRM7Q==}
    engines: {node: ^18.0.0 || ^20.0.0 || >=22.0.0}
    hasBin: true
    peerDependencies:
      '@edge-runtime/vm': '*'
      '@types/debug': ^4.1.12
      '@types/node': ^18.0.0 || ^20.0.0 || >=22.0.0
      '@vitest/browser': ^4.0.0-beta.11
      '@vitest/ui': 4.0.0-beta.11
      happy-dom: '*'
      jsdom: '*'
    peerDependenciesMeta:
      '@edge-runtime/vm':
        optional: true
      '@types/debug':
        optional: true
      '@types/node':
        optional: true
      '@vitest/browser':
        optional: true
      '@vitest/ui':
        optional: true
      happy-dom:
        optional: true
      jsdom:
        optional: true

  why-is-node-running@2.3.0:
    resolution: {integrity: sha512-hUrmaWBdVDcxvYqnyh09zunKzROWjbZTiNy8dBEjkS7ehEDQibXJ7XvlmtbwuTclUiIyN+CyXQD4Vmko8fNm8w==}
    engines: {node: '>=8'}
    hasBin: true

  ws@8.18.3:
    resolution: {integrity: sha512-PEIGCY5tSlUt50cqyMXfCzX+oOPqN0vuGqWzbcJ2xvnkzkq46oOpz7dQaTDBdfICb4N14+GARUDw2XV2N4tvzg==}
    engines: {node: '>=10.0.0'}
    peerDependencies:
      bufferutil: ^4.0.1
      utf-8-validate: '>=5.0.2'
    peerDependenciesMeta:
      bufferutil:
        optional: true
      utf-8-validate:
        optional: true

  yaml@2.8.1:
    resolution: {integrity: sha512-lcYcMxX2PO9XMGvAJkJ3OsNMw+/7FKes7/hgerGUYWIoWu5j/+YQqcZr5JnPZWzOsEBgMbSbiSTn/dv/69Mkpw==}
    engines: {node: '>= 14.6'}
    hasBin: true

snapshots:

  '@babel/code-frame@7.27.1':
    dependencies:
      '@babel/helper-validator-identifier': 7.27.1
      js-tokens: 4.0.0
      picocolors: 1.1.1

  '@babel/helper-validator-identifier@7.27.1': {}

  '@babel/runtime@7.28.4': {}

  '@esbuild/aix-ppc64@0.25.10':
    optional: true

  '@esbuild/android-arm64@0.25.10':
    optional: true

  '@esbuild/android-arm@0.25.10':
    optional: true

  '@esbuild/android-x64@0.25.10':
    optional: true

  '@esbuild/darwin-arm64@0.25.10':
    optional: true

  '@esbuild/darwin-x64@0.25.10':
    optional: true

  '@esbuild/freebsd-arm64@0.25.10':
    optional: true

  '@esbuild/freebsd-x64@0.25.10':
    optional: true

  '@esbuild/linux-arm64@0.25.10':
    optional: true

  '@esbuild/linux-arm@0.25.10':
    optional: true

  '@esbuild/linux-ia32@0.25.10':
    optional: true

  '@esbuild/linux-loong64@0.25.10':
    optional: true

  '@esbuild/linux-mips64el@0.25.10':
    optional: true

  '@esbuild/linux-ppc64@0.25.10':
    optional: true

  '@esbuild/linux-riscv64@0.25.10':
    optional: true

  '@esbuild/linux-s390x@0.25.10':
    optional: true

  '@esbuild/linux-x64@0.25.10':
    optional: true

  '@esbuild/netbsd-arm64@0.25.10':
    optional: true

  '@esbuild/netbsd-x64@0.25.10':
    optional: true

  '@esbuild/openbsd-arm64@0.25.10':
    optional: true

  '@esbuild/openbsd-x64@0.25.10':
    optional: true

  '@esbuild/openharmony-arm64@0.25.10':
    optional: true

  '@esbuild/sunos-x64@0.25.10':
    optional: true

  '@esbuild/win32-arm64@0.25.10':
    optional: true

  '@esbuild/win32-ia32@0.25.10':
    optional: true

  '@esbuild/win32-x64@0.25.10':
    optional: true

  '@jridgewell/sourcemap-codec@1.5.5': {}

  '@noble/ciphers@1.3.0': {}

  '@noble/hashes@1.8.0': {}

  '@polka/url@1.0.0-next.29': {}

  '@rollup/rollup-android-arm-eabi@4.52.0':
    optional: true

  '@rollup/rollup-android-arm64@4.52.0':
    optional: true

  '@rollup/rollup-darwin-arm64@4.52.0':
    optional: true

  '@rollup/rollup-darwin-x64@4.52.0':
    optional: true

  '@rollup/rollup-freebsd-arm64@4.52.0':
    optional: true

  '@rollup/rollup-freebsd-x64@4.52.0':
    optional: true

  '@rollup/rollup-linux-arm-gnueabihf@4.52.0':
    optional: true

  '@rollup/rollup-linux-arm-musleabihf@4.52.0':
    optional: true

  '@rollup/rollup-linux-arm64-gnu@4.52.0':
    optional: true

  '@rollup/rollup-linux-arm64-musl@4.52.0':
    optional: true

  '@rollup/rollup-linux-loong64-gnu@4.52.0':
    optional: true

  '@rollup/rollup-linux-ppc64-gnu@4.52.0':
    optional: true

  '@rollup/rollup-linux-riscv64-gnu@4.52.0':
    optional: true

  '@rollup/rollup-linux-riscv64-musl@4.52.0':
    optional: true

  '@rollup/rollup-linux-s390x-gnu@4.52.0':
    optional: true

  '@rollup/rollup-linux-x64-gnu@4.52.0':
    optional: true

  '@rollup/rollup-linux-x64-musl@4.52.0':
    optional: true

  '@rollup/rollup-openharmony-arm64@4.52.0':
    optional: true

  '@rollup/rollup-win32-arm64-msvc@4.52.0':
    optional: true

  '@rollup/rollup-win32-ia32-msvc@4.52.0':
    optional: true

  '@rollup/rollup-win32-x64-gnu@4.52.0':
    optional: true

  '@rollup/rollup-win32-x64-msvc@4.52.0':
    optional: true

  '@testing-library/dom@10.4.1':
    dependencies:
      '@babel/code-frame': 7.27.1
      '@babel/runtime': 7.28.4
      '@types/aria-query': 5.0.4
      aria-query: 5.3.0
      dom-accessibility-api: 0.5.16
      lz-string: 1.5.0
      picocolors: 1.1.1
      pretty-format: 27.5.1

  '@testing-library/user-event@14.6.1(@testing-library/dom@10.4.1)':
    dependencies:
      '@testing-library/dom': 10.4.1

  '@types/aria-query@5.0.4': {}

  '@types/chai@5.2.2':
    dependencies:
      '@types/deep-eql': 4.0.2

  '@types/deep-eql@4.0.2': {}

  '@types/estree@1.0.8': {}

  '@types/node-forge@1.3.14':
    dependencies:
      '@types/node': 24.5.2

  '@types/node@24.5.2':
    dependencies:
      undici-types: 7.12.0

  '@vitest/browser@4.0.0-beta.11(playwright@1.55.0)(vite@7.1.6(@types/node@24.5.2)(yaml@2.8.1))(vitest@4.0.0-beta.11)':
    dependencies:
      '@testing-library/dom': 10.4.1
      '@testing-library/user-event': 14.6.1(@testing-library/dom@10.4.1)
      '@vitest/mocker': 4.0.0-beta.11(vite@7.1.6(@types/node@24.5.2)(yaml@2.8.1))
      '@vitest/utils': 4.0.0-beta.11
      magic-string: 0.30.19
      pixelmatch: 7.1.0
      pngjs: 7.0.0
      sirv: 3.0.2
      tinyrainbow: 3.0.3
      vitest: 4.0.0-beta.11(@types/node@24.5.2)(@vitest/browser@4.0.0-beta.11)(yaml@2.8.1)
      ws: 8.18.3
    optionalDependencies:
      playwright: 1.55.0
    transitivePeerDependencies:
      - bufferutil
      - msw
      - utf-8-validate
      - vite

  '@vitest/expect@4.0.0-beta.11':
    dependencies:
      '@types/chai': 5.2.2
      '@vitest/spy': 4.0.0-beta.11
      '@vitest/utils': 4.0.0-beta.11
      chai: 6.0.1
      tinyrainbow: 3.0.3

  '@vitest/mocker@4.0.0-beta.11(vite@7.1.6(@types/node@24.5.2)(yaml@2.8.1))':
    dependencies:
      '@vitest/spy': 4.0.0-beta.11
      estree-walker: 3.0.3
      magic-string: 0.30.19
    optionalDependencies:
      vite: 7.1.6(@types/node@24.5.2)(yaml@2.8.1)

  '@vitest/pretty-format@4.0.0-beta.11':
    dependencies:
      tinyrainbow: 3.0.3

  '@vitest/runner@4.0.0-beta.11':
    dependencies:
      '@vitest/utils': 4.0.0-beta.11
      pathe: 2.0.3

  '@vitest/snapshot@4.0.0-beta.11':
    dependencies:
      '@vitest/pretty-format': 4.0.0-beta.11
      magic-string: 0.30.19
      pathe: 2.0.3

  '@vitest/spy@4.0.0-beta.11': {}

  '@vitest/utils@4.0.0-beta.11':
    dependencies:
      '@vitest/pretty-format': 4.0.0-beta.11
      tinyrainbow: 3.0.3

  ansi-regex@5.0.1: {}

  ansi-styles@5.2.0: {}

  aria-query@5.3.0:
    dependencies:
      dequal: 2.0.3

  asn1js@3.0.6:
    dependencies:
      pvtsutils: 1.3.6
      pvutils: 1.1.3
      tslib: 2.8.1

  chai@6.0.1: {}

  debug@4.4.3:
    dependencies:
      ms: 2.1.3

  dequal@2.0.3: {}

  dom-accessibility-api@0.5.16: {}

  es-module-lexer@1.7.0: {}

  esbuild@0.25.10:
    optionalDependencies:
      '@esbuild/aix-ppc64': 0.25.10
      '@esbuild/android-arm': 0.25.10
      '@esbuild/android-arm64': 0.25.10
      '@esbuild/android-x64': 0.25.10
      '@esbuild/darwin-arm64': 0.25.10
      '@esbuild/darwin-x64': 0.25.10
      '@esbuild/freebsd-arm64': 0.25.10
      '@esbuild/freebsd-x64': 0.25.10
      '@esbuild/linux-arm': 0.25.10
      '@esbuild/linux-arm64': 0.25.10
      '@esbuild/linux-ia32': 0.25.10
      '@esbuild/linux-loong64': 0.25.10
      '@esbuild/linux-mips64el': 0.25.10
      '@esbuild/linux-ppc64': 0.25.10
      '@esbuild/linux-riscv64': 0.25.10
      '@esbuild/linux-s390x': 0.25.10
      '@esbuild/linux-x64': 0.25.10
      '@esbuild/netbsd-arm64': 0.25.10
      '@esbuild/netbsd-x64': 0.25.10
      '@esbuild/openbsd-arm64': 0.25.10
      '@esbuild/openbsd-x64': 0.25.10
      '@esbuild/openharmony-arm64': 0.25.10
      '@esbuild/sunos-x64': 0.25.10
      '@esbuild/win32-arm64': 0.25.10
      '@esbuild/win32-ia32': 0.25.10
      '@esbuild/win32-x64': 0.25.10

  estree-walker@3.0.3:
    dependencies:
      '@types/estree': 1.0.8

  expect-type@1.2.2: {}

  fdir@6.5.0(picomatch@4.0.3):
    optionalDependencies:
      picomatch: 4.0.3

  fsevents@2.3.2:
    optional: true

  fsevents@2.3.3:
    optional: true

  js-tokens@4.0.0: {}

  lz-string@1.5.0: {}

  magic-string@0.30.19:
    dependencies:
      '@jridgewell/sourcemap-codec': 1.5.5

  mrmime@2.0.1: {}

  ms@2.1.3: {}

  nanoid@3.3.11: {}

  node-forge@1.3.1: {}

  pathe@2.0.3: {}

  picocolors@1.1.1: {}

  picomatch@4.0.3: {}

  pixelmatch@7.1.0:
    dependencies:
      pngjs: 7.0.0

  playwright-core@1.55.0: {}

  playwright@1.55.0:
    dependencies:
      playwright-core: 1.55.0
    optionalDependencies:
      fsevents: 2.3.2

  pngjs@7.0.0: {}

  postcss@8.5.6:
    dependencies:
      nanoid: 3.3.11
      picocolors: 1.1.1
      source-map-js: 1.2.1

  pretty-format@27.5.1:
    dependencies:
      ansi-regex: 5.0.1
      ansi-styles: 5.2.0
      react-is: 17.0.2

  pvtsutils@1.3.6:
    dependencies:
      tslib: 2.8.1

  pvutils@1.1.3: {}

  react-is@17.0.2: {}

  rollup@4.52.0:
    dependencies:
      '@types/estree': 1.0.8
    optionalDependencies:
      '@rollup/rollup-android-arm-eabi': 4.52.0
      '@rollup/rollup-android-arm64': 4.52.0
      '@rollup/rollup-darwin-arm64': 4.52.0
      '@rollup/rollup-darwin-x64': 4.52.0
      '@rollup/rollup-freebsd-arm64': 4.52.0
      '@rollup/rollup-freebsd-x64': 4.52.0
      '@rollup/rollup-linux-arm-gnueabihf': 4.52.0
      '@rollup/rollup-linux-arm-musleabihf': 4.52.0
      '@rollup/rollup-linux-arm64-gnu': 4.52.0
      '@rollup/rollup-linux-arm64-musl': 4.52.0
      '@rollup/rollup-linux-loong64-gnu': 4.52.0
      '@rollup/rollup-linux-ppc64-gnu': 4.52.0
      '@rollup/rollup-linux-riscv64-gnu': 4.52.0
      '@rollup/rollup-linux-riscv64-musl': 4.52.0
      '@rollup/rollup-linux-s390x-gnu': 4.52.0
      '@rollup/rollup-linux-x64-gnu': 4.52.0
      '@rollup/rollup-linux-x64-musl': 4.52.0
      '@rollup/rollup-openharmony-arm64': 4.52.0
      '@rollup/rollup-win32-arm64-msvc': 4.52.0
      '@rollup/rollup-win32-ia32-msvc': 4.52.0
      '@rollup/rollup-win32-x64-gnu': 4.52.0
      '@rollup/rollup-win32-x64-msvc': 4.52.0
      fsevents: 2.3.3

  siginfo@2.0.0: {}

  sirv@3.0.2:
    dependencies:
      '@polka/url': 1.0.0-next.29
      mrmime: 2.0.1
      totalist: 3.0.1

  source-map-js@1.2.1: {}

  stackback@0.0.2: {}

  std-env@3.9.0: {}

  tinybench@2.9.0: {}

  tinyexec@0.3.2: {}

  tinyglobby@0.2.15:
    dependencies:
      fdir: 6.5.0(picomatch@4.0.3)
      picomatch: 4.0.3

  tinypool@2.0.0: {}

  tinyrainbow@3.0.3: {}

  totalist@3.0.1: {}

  tslib@2.8.1: {}

  typescript@5.8.2: {}

  undici-types@7.12.0: {}

  vite@7.1.6(@types/node@24.5.2)(yaml@2.8.1):
    dependencies:
      esbuild: 0.25.10
      fdir: 6.5.0(picomatch@4.0.3)
      picomatch: 4.0.3
      postcss: 8.5.6
      rollup: 4.52.0
      tinyglobby: 0.2.15
    optionalDependencies:
      '@types/node': 24.5.2
      fsevents: 2.3.3
      yaml: 2.8.1

  vitest@4.0.0-beta.11(@types/node@24.5.2)(@vitest/browser@4.0.0-beta.11)(yaml@2.8.1):
    dependencies:
      '@vitest/expect': 4.0.0-beta.11
      '@vitest/mocker': 4.0.0-beta.11(vite@7.1.6(@types/node@24.5.2)(yaml@2.8.1))
      '@vitest/pretty-format': 4.0.0-beta.11
      '@vitest/runner': 4.0.0-beta.11
      '@vitest/snapshot': 4.0.0-beta.11
      '@vitest/spy': 4.0.0-beta.11
      '@vitest/utils': 4.0.0-beta.11
      debug: 4.4.3
      es-module-lexer: 1.7.0
      expect-type: 1.2.2
      magic-string: 0.30.19
      pathe: 2.0.3
      picomatch: 4.0.3
      std-env: 3.9.0
      tinybench: 2.9.0
      tinyexec: 0.3.2
      tinyglobby: 0.2.15
      tinypool: 2.0.0
      tinyrainbow: 3.0.3
      vite: 7.1.6(@types/node@24.5.2)(yaml@2.8.1)
      why-is-node-running: 2.3.0
    optionalDependencies:
      '@types/node': 24.5.2
      '@vitest/browser': 4.0.0-beta.11(playwright@1.55.0)(vite@7.1.6(@types/node@24.5.2)(yaml@2.8.1))(vitest@4.0.0-beta.11)
    transitivePeerDependencies:
      - jiti
      - less
      - lightningcss
      - msw
      - sass
      - sass-embedded
      - stylus
      - sugarss
      - supports-color
      - terser
      - tsx
      - yaml

  why-is-node-running@2.3.0:
    dependencies:
      siginfo: 2.0.0
      stackback: 0.0.2

  ws@8.18.3: {}

  yaml@2.8.1:
    optional: true
